{
  "requires": true,
  "lockfileVersion": 1,
  "dependencies": {
    "@babel/parser": {
      "version": "7.9.4",
      "resolved": "https://registry.npmjs.org/@babel/parser/-/parser-7.9.4.tgz",
      "integrity": "sha512-bC49otXX6N0/VYhgOMh4gnP26E9xnDZK3TmbNpxYzzz9BQLBosQwfyOe9/cXUU3txYhTzLCbcqd5c8y/OmCjHA==",
      "dev": true
    },
    "reveal.js": {
      "version": "3.9.2",
      "resolved": "https://registry.npmjs.org/reveal.js/-/reveal.js-3.9.2.tgz",
      "integrity": "sha512-Dvv2oA9FrtOHE2DWj5js8pMRfwq++Wmvsn1EyAdYLC80lBjTphns+tPsB652Bnvep9AVviuVS/b4XoVY9rXHLA=="
    }
  }
}
